// !$*UTF8*$!
{
	archiveVersion = 1;
	classes = {
	};
	objectVersion = 50;
	objects = {

/* Begin PBXBuildFile section */
		6A676E9DD99A9785C23087AB /* Pods_TestSideMenu.framework in Frameworks */ = {isa = PBXBuildFile; fileRef = 384262F6B9116C9EF8B86C35 /* Pods_TestSideMenu.framework */; };
		ADCDAFDC221EDE6B00017CD1 /* AppDelegate.swift in Sources */ = {isa = PBXBuildFile; fileRef = ADCDAFDB221EDE6B00017CD1 /* AppDelegate.swift */; };
		ADCDAFDE221EDE6B00017CD1 /* ViewController.swift in Sources */ = {isa = PBXBuildFile; fileRef = ADCDAFDD221EDE6B00017CD1 /* ViewController.swift */; };
		ADCDAFE1221EDE6B00017CD1 /* Main.storyboard in Resources */ = {isa = PBXBuildFile; fileRef = ADCDAFDF221EDE6B00017CD1 /* Main.storyboard */; };
		ADCDAFE3221EDE6D00017CD1 /* Assets.xcassets in Resources */ = {isa = PBXBuildFile; fileRef = ADCDAFE2221EDE6D00017CD1 /* Assets.xcassets */; };
		ADCDAFE6221EDE6D00017CD1 /* LaunchScreen.storyboard in Resources */ = {isa = PBXBuildFile; fileRef = ADCDAFE4221EDE6D00017CD1 /* LaunchScreen.storyboard */; };
/* End PBXBuildFile section */

/* Begin PBXFileReference section */
		384262F6B9116C9EF8B86C35 /* Pods_TestSideMenu.framework */ = {isa = PBXFileReference; explicitFileType = wrapper.framework; includeInIndex = 0; path = Pods_TestSideMenu.framework; sourceTree = BUILT_PRODUCTS_DIR; };
		A5B1DC60B37DB3F08D699182 /* Pods-TestSideMenu.debug.xcconfig */ = {isa = PBXFileReference; includeInIndex = 1; lastKnownFileType = text.xcconfig; name = "Pods-TestSideMenu.debug.xcconfig"; path = "Target Support Files/Pods-TestSideMenu/Pods-TestSideMenu.debug.xcconfig"; sourceTree = "<group>"; };
		ADCDAFD8221EDE6B00017CD1 /* TestSideMenu.app */ = {isa = PBXFileReference; explicitFileType = wrapper.application; includeInIndex = 0; path = TestSideMenu.app; sourceTree = BUILT_PRODUCTS_DIR; };
		ADCDAFDB221EDE6B00017CD1 /* AppDelegate.swift */ = {isa = PBXFileReference; lastKnownFileType = sourcecode.swift; path = AppDelegate.swift; sourceTree = "<group>"; };
		ADCDAFDD221EDE6B00017CD1 /* ViewController.swift */ = {isa = PBXFileReference; lastKnownFileType = sourcecode.swift; path = ViewController.swift; sourceTree = "<group>"; };
		ADCDAFE0221EDE6B00017CD1 /* Base */ = {isa = PBXFileReference; lastKnownFileType = file.storyboard; name = Base; path = Base.lproj/Main.storyboard; sourceTree = "<group>"; };
		ADCDAFE2221EDE6D00017CD1 /* Assets.xcassets */ = {isa = PBXFileReference; lastKnownFileType = folder.assetcatalog; path = Assets.xcassets; sourceTree = "<group>"; };
		ADCDAFE5221EDE6D00017CD1 /* Base */ = {isa = PBXFileReference; lastKnownFileType = file.storyboard; name = Base; path = Base.lproj/LaunchScreen.storyboard; sourceTree = "<group>"; };
		ADCDAFE7221EDE6D00017CD1 /* Info.plist */ = {isa = PBXFileReference; lastKnownFileType = text.plist.xml; path = Info.plist; sourceTree = "<group>"; };
		F601A62AE46B03027CE3B581 /* Pods-TestSideMenu.release.xcconfig */ = {isa = PBXFileReference; includeInIndex = 1; lastKnownFileType = text.xcconfig; name = "Pods-TestSideMenu.release.xcconfig"; path = "Target Support Files/Pods-TestSideMenu/Pods-TestSideMenu.release.xcconfig"; sourceTree = "<group>"; };
/* End PBXFileReference section */

/* Begin PBXFrameworksBuildPhase section */
		ADCDAFD5221EDE6B00017CD1 /* Frameworks */ = {
			isa = PBXFrameworksBuildPhase;
			buildActionMask = 2147483647;
			files = (
				6A676E9DD99A9785C23087AB /* Pods_TestSideMenu.framework in Frameworks */,
			);
			runOnlyForDeploymentPostprocessing = 0;
		};
/* End PBXFrameworksBuildPhase section */

/* Begin PBXGroup section */
		2EE224E201BF18208BBAE631 /* Frameworks */ = {
			isa = PBXGroup;
			children = (
				384262F6B9116C9EF8B86C35 /* Pods_TestSideMenu.framework */,
			);
			name = Frameworks;
			sourceTree = "<group>";
		};
		ADCDAFCF221EDE6B00017CD1 = {
			isa = PBXGroup;
			children = (
				ADCDAFDA221EDE6B00017CD1 /* TestSideMenu */,
				ADCDAFD9221EDE6B00017CD1 /* Products */,
				CE8CD1BBC78836C18F146B3E /* Pods */,
				2EE224E201BF18208BBAE631 /* Frameworks */,
			);
			sourceTree = "<group>";
		};
		ADCDAFD9221EDE6B00017CD1 /* Products */ = {
			isa = PBXGroup;
			children = (
				ADCDAFD8221EDE6B00017CD1 /* TestSideMenu.app */,
			);
			name = Products;
			sourceTree = "<group>";
		};
		ADCDAFDA221EDE6B00017CD1 /* TestSideMenu */ = {
			isa = PBXGroup;
			children = (
				ADCDAFDB221EDE6B00017CD1 /* AppDelegate.swift */,
				ADCDAFDD221EDE6B00017CD1 /* ViewController.swift */,
				ADCDAFDF221EDE6B00017CD1 /* Main.storyboard */,
				ADCDAFE2221EDE6D00017CD1 /* Assets.xcassets */,
				ADCDAFE4221EDE6D00017CD1 /* LaunchScreen.storyboard */,
				ADCDAFE7221EDE6D00017CD1 /* Info.plist */,
			);
			path = TestSideMenu;
			sourceTree = "<group>";
		};
		CE8CD1BBC78836C18F146B3E /* Pods */ = {
			isa = PBXGroup;
			children = (
				A5B1DC60B37DB3F08D699182 /* Pods-TestSideMenu.debug.xcconfig */,
				F601A62AE46B03027CE3B581 /* Pods-TestSideMenu.release.xcconfig */,
			);
			name = Pods;
			path = Pods;
			sourceTree = "<group>";
		};
/* End PBXGroup section */

/* Begin PBXNativeTarget section */
		ADCDAFD7221EDE6B00017CD1 /* TestSideMenu */ = {
			isa = PBXNativeTarget;
			buildConfigurationList = ADCDAFEA221EDE6D00017CD1 /* Build configuration list for PBXNativeTarget "TestSideMenu" */;
			buildPhases = (
				A4E1E7F87ED690F46D5F807D /* [CP] Check Pods Manifest.lock */,
				ADCDAFD4221EDE6B00017CD1 /* Sources */,
				ADCDAFD5221EDE6B00017CD1 /* Frameworks */,
				ADCDAFD6221EDE6B00017CD1 /* Resources */,
				40D8FF724E4F177A06D4850D /* [CP] Embed Pods Frameworks */,
			);
			buildRules = (
			);
			dependencies = (
			);
			name = TestSideMenu;
			productName = TestSideMenu;
			productReference = ADCDAFD8221EDE6B00017CD1 /* TestSideMenu.app */;
			productType = "com.apple.product-type.application";
		};
/* End PBXNativeTarget section */

/* Begin PBXProject section */
		ADCDAFD0221EDE6B00017CD1 /* Project object */ = {
			isa = PBXProject;
			attributes = {
				LastSwiftUpdateCheck = 1010;
				LastUpgradeCheck = 1010;
				ORGANIZATIONNAME = "Nobuharu Murata";
				TargetAttributes = {
					ADCDAFD7221EDE6B00017CD1 = {
						CreatedOnToolsVersion = 10.1;
					};
				};
			};
			buildConfigurationList = ADCDAFD3221EDE6B00017CD1 /* Build configuration list for PBXProject "TestSideMenu" */;
			compatibilityVersion = "Xcode 9.3";
			developmentRegion = en;
			hasScannedForEncodings = 0;
			knownRegions = (
				en,
				Base,
			);
			mainGroup = ADCDAFCF221EDE6B00017CD1;
			productRefGroup = ADCDAFD9221EDE6B00017CD1 /* Products */;
			projectDirPath = "";
			projectRoot = "";
			targets = (
				ADCDAFD7221EDE6B00017CD1 /* TestSideMenu */,
			);
		};
/* End PBXProject section */

/* Begin PBXResourcesBuildPhase section */
		ADCDAFD6221EDE6B00017CD1 /* Resources */ = {
			isa = PBXResourcesBuildPhase;
			buildActionMask = 2147483647;
			files = (
				ADCDAFE6221EDE6D00017CD1 /* LaunchScreen.storyboard in Resources */,
				ADCDAFE3221EDE6D00017CD1 /* Assets.xcassets in Resources */,
				ADCDAFE1221EDE6B00017CD1 /* Main.storyboard in Resources */,
			);
			runOnlyForDeploymentPostprocessing = 0;
		};
/* End PBXResourcesBuildPhase section */

/* Begin PBXShellScriptBuildPhase section */
		40D8FF724E4F177A06D4850D /* [CP] Embed Pods Frameworks */ = {
			isa = PBXShellScriptBuildPhase;
			buildActionMask = 2147483647;
			files = (
			);
			inputFileListPaths = (
			);
			inputPaths = (
				"${PODS_ROOT}/Target Support Files/Pods-TestSideMenu/Pods-TestSideMenu-frameworks.sh",
				"${BUILT_PRODUCTS_DIR}/SideMenu/SideMenu.framework",
			);
			name = "[CP] Embed Pods Frameworks";
			outputFileListPaths = (
			);
			outputPaths = (
				"${TARGET_BUILD_DIR}/${FRAMEWORKS_FOLDER_PATH}/SideMenu.framework",
			);
			runOnlyForDeploymentPostprocessing = 0;
			shellPath = /bin/sh;
			shellScript = "\"${PODS_ROOT}/Target Support Files/Pods-TestSideMenu/Pods-TestSideMenu-frameworks.sh\"\n";
			showEnvVarsInLog = 0;
		};
		A4E1E7F87ED690F46D5F807D /* [CP] Check Pods Manifest.lock */ = {
			isa = PBXShellScriptBuildPhase;
			buildActionMask = 2147483647;
			files = (
			);
			inputFileListPaths = (
			);
			inputPaths = (
				"${PODS_PODFILE_DIR_PATH}/Podfile.lock",
				"${PODS_ROOT}/Manifest.lock",
			);
			name = "[CP] Check Pods Manifest.lock";
			outputFileListPaths = (
			);
			outputPaths = (
				"$(DERIVED_FILE_DIR)/Pods-TestSideMenu-checkManifestLockResult.txt",
			);
			runOnlyForDeploymentPostprocessing = 0;
			shellPath = /bin/sh;
			shellScript = "diff \"${PODS_PODFILE_DIR_PATH}/Podfile.lock\" \"${PODS_ROOT}/Manifest.lock\" > /dev/null\nif [ $? != 0 ] ; then\n    # print error to STDERR\n    echo \"error: The sandbox is not in sync with the Podfile.lock. Run 'pod install' or update your CocoaPods installation.\" >&2\n    exit 1\nfi\n# This output is used by Xcode 'outputs' to avoid re-running this script phase.\necho \"SUCCESS\" > \"${SCRIPT_OUTPUT_FILE_0}\"\n";
			showEnvVarsInLog = 0;
		};
/* End PBXShellScriptBuildPhase section */

/* Begin PBXSourcesBuildPhase section */
		ADCDAFD4221EDE6B00017CD1 /* Sources */ = {
			isa = PBXSourcesBuildPhase;
			buildActionMask = 2147483647;
			files = (
				ADCDAFDE221EDE6B00017CD1 /* ViewController.swift in Sources */,
				ADCDAFDC221EDE6B00017CD1 /* AppDelegate.swift in Sources */,
			);
			runOnlyForDeploymentPostprocessing = 0;
		};
/* End PBXSourcesBuildPhase section */

/* Begin PBXVariantGroup section */
		ADCDAFDF221EDE6B00017CD1 /* Main.storyboard */ = {
			isa = PBXVariantGroup;
			children = (
				ADCDAFE0221EDE6B00017CD1 /* Base */,
			);
			name = Main.storyboard;
			sourceTree = "<group>";
		};
		ADCDAFE4221EDE6D00017CD1 /* LaunchScreen.storyboard */ = {
			isa = PBXVariantGroup;
			children = (
				ADCDAFE5221EDE6D00017CD1 /* Base */,
			);
			name = LaunchScreen.storyboard;
			sourceTree = "<group>";
		};
/* End PBXVariantGroup section */

/* Begin XCBuildConfiguration section */
		ADCDAFE8221EDE6D00017CD1 /* Debug */ = {
			isa = XCBuildConfiguration;
			buildSettings = {
				ALWAYS_SEARCH_USER_PATHS = NO;
				CLANG_ANALYZER_NONNULL = YES;
				CLANG_ANALYZER_NUMBER_OBJECT_CONVERSION = YES_AGGRESSIVE;
				CLANG_CXX_LANGUAGE_STANDARD = "gnu++14";
				CLANG_CXX_LIBRARY = "libc++";
				CLANG_ENABLE_MODULES = YES;
				CLANG_ENABLE_OBJC_ARC = YES;
				CLANG_ENABLE_OBJC_WEAK = YES;
				CLANG_WARN_BLOCK_CAPTURE_AUTORELEASING = YES;
				CLANG_WARN_BOOL_CONVERSION = YES;
				CLANG_WARN_COMMA = YES;
				CLANG_WARN_CONSTANT_CONVERSION = YES;
				CLANG_WARN_DEPRECATED_OBJC_IMPLEMENTATIONS = YES;
				CLANG_WARN_DIRECT_OBJC_ISA_USAGE = YES_ERROR;
				CLANG_WARN_DOCUMENTATION_COMMENTS = YES;
				CLANG_WARN_EMPTY_BODY = YES;
				CLANG_WARN_ENUM_CONVERSION = YES;
				CLANG_WARN_INFINITE_RECURSION = YES;
				CLANG_WARN_INT_CONVERSION = YES;
				CLANG_WARN_NON_LITERAL_NULL_CONVERSION = YES;
				CLANG_WARN_OBJC_IMPLICIT_RETAIN_SELF = YES;
				CLANG_WARN_OBJC_LITERAL_CONVERSION = YES;
				CLANG_WARN_OBJC_ROOT_CLASS = YES_ERROR;
				CLANG_WARN_RANGE_LOOP_ANALYSIS = YES;
				CLANG_WARN_STRICT_PROTOTYPES = YES;
				CLANG_WARN_SUSPICIOUS_MOVE = YES;
				CLANG_WARN_UNGUARDED_AVAILABILITY = YES_AGGRESSIVE;
				CLANG_WARN_UNREACHABLE_CODE = YES;
				CLANG_WARN__DUPLICATE_METHOD_MATCH = YES;
				CODE_SIGN_IDENTITY = "iPhone Developer";
				COPY_PHASE_STRIP = NO;
				DEBUG_INFORMATION_FORMAT = dwarf;
				ENABLE_STRICT_OBJC_MSGSEND = YES;
				ENABLE_TESTABILITY = YES;
				GCC_C_LANGUAGE_STANDARD = gnu11;
				GCC_DYNAMIC_NO_PIC = NO;
				GCC_NO_COMMON_BLOCKS = YES;
				GCC_OPTIMIZATION_LEVEL = 0;
				GCC_PREPROCESSOR_DEFINITIONS = (
					"DEBUG=1",
					"$(inherited)",
				);
				GCC_WARN_64_TO_32_BIT_CONVERSION = YES;
				GCC_WARN_ABOUT_RETURN_TYPE = YES_ERROR;
				GCC_WARN_UNDECLARED_SELECTOR = YES;
				GCC_WARN_UNINITIALIZED_AUTOS = YES_AGGRESSIVE;
				GCC_WARN_UNUSED_FUNCTION = YES;
				GCC_WARN_UNUSED_VARIABLE = YES;
				IPHONEOS_DEPLOYMENT_TARGET = 12.1;
				MTL_ENABLE_DEBUG_INFO = INCLUDE_SOURCE;
				MTL_FAST_MATH = YES;
				ONLY_ACTIVE_ARCH = YES;
				SDKROOT = iphoneos;
				SWIFT_ACTIVE_COMPILATION_CONDITIONS = DEBUG;
				SWIFT_OPTIMIZATION_LEVEL = "-Onone";
			};
			name = Debug;
		};
		ADCDAFE9221EDE6D00017CD1 /* Release */ = {
			isa = XCBuildConfiguration;
			buildSettings = {
				ALWAYS_SEARCH_USER_PATHS = NO;
				CLANG_ANALYZER_NONNULL = YES;
				CLANG_ANALYZER_NUMBER_OBJECT_CONVERSION = YES_AGGRESSIVE;
				CLANG_CXX_LANGUAGE_STANDARD = "gnu++14";
				CLANG_CXX_LIBRARY = "libc++";
				CLANG_ENABLE_MODULES = YES;
				CLANG_ENABLE_OBJC_ARC = YES;
				CLANG_ENABLE_OBJC_WEAK = YES;
				CLANG_WARN_BLOCK_CAPTURE_AUTORELEASING = YES;
				CLANG_WARN_BOOL_CONVERSION = YES;
				CLANG_WARN_COMMA = YES;
				CLANG_WARN_CONSTANT_CONVERSION = YES;
				CLANG_WARN_DEPRECATED_OBJC_IMPLEMENTATIONS = YES;
				CLANG_WARN_DIRECT_OBJC_ISA_USAGE = YES_ERROR;
				CLANG_WARN_DOCUMENTATION_COMMENTS = YES;
				CLANG_WARN_EMPTY_BODY = YES;
				CLANG_WARN_ENUM_CONVERSION = YES;
				CLANG_WARN_INFINITE_RECURSION = YES;
				CLANG_WARN_INT_CONVERSION = YES;
				CLANG_WARN_NON_LITERAL_NULL_CONVERSION = YES;
				CLANG_WARN_OBJC_IMPLICIT_RETAIN_SELF = YES;
				CLANG_WARN_OBJC_LITERAL_CONVERSION = YES;
				CLANG_WARN_OBJC_ROOT_CLASS = YES_ERROR;
				CLANG_WARN_RANGE_LOOP_ANALYSIS = YES;
				CLANG_WARN_STRICT_PROTOTYPES = YES;
				CLANG_WARN_SUSPICIOUS_MOVE = YES;
				CLANG_WARN_UNGUARDED_AVAILABILITY = YES_AGGRESSIVE;
				CLANG_WARN_UNREACHABLE_CODE = YES;
				CLANG_WARN__DUPLICATE_METHOD_MATCH = YES;
				CODE_SIGN_IDENTITY = "iPhone Developer";
				COPY_PHASE_STRIP = NO;
				DEBUG_INFORMATION_FORMAT = "dwarf-with-dsym";
				ENABLE_NS_ASSERTIONS = NO;
				ENABLE_STRICT_OBJC_MSGSEND = YES;
				GCC_C_LANGUAGE_STANDARD = gnu11;
				GCC_NO_COMMON_BLOCKS = YES;
				GCC_WARN_64_TO_32_BIT_CONVERSION = YES;
				GCC_WARN_ABOUT_RETURN_TYPE = YES_ERROR;
				GCC_WARN_UNDECLARED_SELECTOR = YES;
				GCC_WARN_UNINITIALIZED_AUTOS = YES_AGGRESSIVE;
				GCC_WARN_UNUSED_FUNCTION = YES;
				GCC_WARN_UNUSED_VARIABLE = YES;
				IPHONEOS_DEPLOYMENT_TARGET = 12.1;
				MTL_ENABLE_DEBUG_INFO = NO;
				MTL_FAST_MATH = YES;
				SDKROOT = iphoneos;
				SWIFT_COMPILATION_MODE = wholemodule;
				SWIFT_OPTIMIZATION_LEVEL = "-O";
				VALIDATE_PRODUCT = YES;
			};
			name = Release;
		};
		ADCDAFEB221EDE6D00017CD1 /* Debug */ = {
			isa = XCBuildConfiguration;
			baseConfigurationReference = A5B1DC60B37DB3F08D699182 /* Pods-TestSideMenu.debug.xcconfig */;
			buildSettings = {
				ASSETCATALOG_COMPILER_APPICON_NAME = AppIcon;
				CODE_SIGN_STYLE = Automatic;
				DEVELOPMENT_TEAM = Z9P38KKZFW;
				INFOPLIST_FILE = TestSideMenu/Info.plist;
				LD_RUNPATH_SEARCH_PATHS = (
					"$(inherited)",
					"@executable_path/Frameworks",
				);
				PRODUCT_BUNDLE_IDENTIFIER = "Nobuharu-Murata.TestSideMenu";
				PRODUCT_NAME = "$(TARGET_NAME)";
				SWIFT_VERSION = 4.2;
				TARGETED_DEVICE_FAMILY = "1,2";
			};
			name = Debug;
		};
		ADCDAFEC221EDE6D00017CD1 /* Release */ = {
			isa = XCBuildConfiguration;
			baseConfigurationReference = F601A62AE46B03027CE3B581 /* Pods-TestSideMenu.release.xcconfig */;
			buildSettings = {
				ASSETCATALOG_COMPILER_APPICON_NAME = AppIcon;
				CODE_SIGN_STYLE = Automatic;
				DEVELOPMENT_TEAM = Z9P38KKZFW;
				INFOPLIST_FILE = TestSideMenu/Info.plist;
				LD_RUNPATH_SEARCH_PATHS = (
					"$(inherited)",
					"@executable_path/Frameworks",
				);
				PRODUCT_BUNDLE_IDENTIFIER = "Nobuharu-Murata.TestSideMenu";
				PRODUCT_NAME = "$(TARGET_NAME)";
				SWIFT_VERSION = 4.2;
				TARGETED_DEVICE_FAMILY = "1,2";
			};
			name = Release;
		};
/* End XCBuildConfiguration section */

/* Begin XCConfigurationList section */
		ADCDAFD3221EDE6B00017CD1 /* Build configuration list for PBXProject "TestSideMenu" */ = {
			isa = XCConfigurationList;
			buildConfigurations = (
				ADCDAFE8221EDE6D00017CD1 /* Debug */,
				ADCDAFE9221EDE6D00017CD1 /* Release */,
			);
			defaultConfigurationIsVisible = 0;
			defaultConfigurationName = Release;
		};
		ADCDAFEA221EDE6D00017CD1 /* Build configuration list for PBXNativeTarget "TestSideMenu" */ = {
			isa = XCConfigurationList;
			buildConfigurations = (
				ADCDAFEB221EDE6D00017CD1 /* Debug */,
				ADCDAFEC221EDE6D00017CD1 /* Release */,
			);
			defaultConfigurationIsVisible = 0;
			defaultConfigurationName = Release;
		};
/* End XCConfigurationList section */
	};
	rootObject = ADCDAFD0221EDE6B00017CD1 /* Project object */;
}
